{
  "name": "MacroMate",
  "lockfileVersion": 3,
  "requires": true,
  "packages": {
    "": {
      "dependencies": {
        "@cloudflare/itty-router-openapi": "^1.0.5",
        "chatgpt-plugin": "^0.1.2"
      }
    },
    "node_modules/@asteasolutions/zod-to-openapi": {
      "version": "5.5.0",
      "resolved": "https://registry.npmjs.org/@asteasolutions/zod-to-openapi/-/zod-to-openapi-5.5.0.tgz",
      "integrity": "sha512-d5HwrvM6dOKr3XdeF+DmashGvfEc+1oiEfbscugsiwSTrFtuMa7ETpW9sTNnVgn+hJaz+PRxPQUYD7q9/5dUig==",
      "dependencies": {
        "openapi3-ts": "^4.1.2"
      },
      "peerDependencies": {
        "zod": "^3.20.2"
      }
    },
    "node_modules/@cloudflare/itty-router-openapi": {
      "version": "1.0.5",
      "resolved": "https://registry.npmjs.org/@cloudflare/itty-router-openapi/-/itty-router-openapi-1.0.5.tgz",
      "integrity": "sha512-PQa49dapBtOUxxxW0xWEW0+M8a4RKgoU50K/6OmGsinTMnZ59wfMfzTlzjFDycX/sz1Z3lxTSBYx0LjdHKu3Og==",
      "dependencies": {
        "@asteasolutions/zod-to-openapi": "^5.3.1",
        "itty-router": "^4.0.22",
        "openapi3-ts": "^4.1.2",
        "zod": "^3.21.4"
      }
    },
    "node_modules/@sindresorhus/slugify": {
      "version": "2.2.1",
      "resolved": "https://registry.npmjs.org/@sindresorhus/slugify/-/slugify-2.2.1.tgz",
      "integrity": "sha512-MkngSCRZ8JdSOCHRaYd+D01XhvU3Hjy6MGl06zhOk614hp9EOAp5gIkBeQg7wtmxpitU6eAL4kdiRMcJa2dlrw==",
      "dependencies": {
        "@sindresorhus/transliterate": "^1.0.0",
        "escape-string-regexp": "^5.0.0"
      },
      "engines": {
        "node": ">=12"
      },
      "funding": {
        "url": "https://github.com/sponsors/sindresorhus"
      }
    },
    "node_modules/@sindresorhus/transliterate": {
      "version": "1.6.0",
      "resolved": "https://registry.npmjs.org/@sindresorhus/transliterate/-/transliterate-1.6.0.tgz",
      "integrity": "sha512-doH1gimEu3A46VX6aVxpHTeHrytJAG6HgdxntYnCFiIFHEM/ZGpG8KiZGBChchjQmG0XFIBL552kBTjVcMZXwQ==",
      "dependencies": {
        "escape-string-regexp": "^5.0.0"
      },
      "engines": {
        "node": ">=12"
      },
      "funding": {
        "url": "https://github.com/sponsors/sindresorhus"
      }
    },
    "node_modules/chatgpt-plugin": {
      "version": "0.1.2",
      "resolved": "https://registry.npmjs.org/chatgpt-plugin/-/chatgpt-plugin-0.1.2.tgz",
      "integrity": "sha512-FKtdh1/PyeyxAkd1JtuwQri8ybOAGJG+jkR3nb8P8ZcOSZOLgWl01fAs90NzRAaZ7ap5TrmmjiM91r7G8BQW2Q==",
      "dependencies": {
        "@sindresorhus/slugify": "^2.2.0"
      },
      "engines": {
        "node": ">=14"
      }
    },
    "node_modules/escape-string-regexp": {
      "version": "5.0.0",
      "resolved": "https://registry.npmjs.org/escape-string-regexp/-/escape-string-regexp-5.0.0.tgz",
      "integrity": "sha512-/veY75JbMK4j1yjvuUxuVsiS/hr/4iHs9FTT6cgTexxdE0Ly/glccBAkloH/DofkjRbZU3bnoj38mOmhkZ0lHw==",
      "engines": {
        "node": ">=12"
      },
      "funding": {
        "url": "https://github.com/sponsors/sindresorhus"
      }
    },
    "node_modules/itty-router": {
      "version": "4.0.23",
      "resolved": "https://registry.npmjs.org/itty-router/-/itty-router-4.0.23.tgz",
      "integrity": "sha512-tP1NI8PVK43vWlBnIPqj47ni5FDSczFviA4wgBznscndo8lEvBA+pO3DD1rNbIQPcZhprr775iUTunyGvQMcBw=="
    },
    "node_modules/openapi3-ts": {
      "version": "4.1.2",
      "resolved": "https://registry.npmjs.org/openapi3-ts/-/openapi3-ts-4.1.2.tgz",
      "integrity": "sha512-B7gOkwsYMZO7BZXwJzXCuVagym2xhqsrilVvV0dnq2Di4+iLUXKVX9gOK23ZqaAHZOwABXN0QTdW8QnkUTX6DA==",
      "dependencies": {
        "yaml": "^2.2.2"
      }
    },
    "node_modules/yaml": {
      "version": "2.3.4",
      "resolved": "https://registry.npmjs.org/yaml/-/yaml-2.3.4.tgz",
      "integrity": "sha512-8aAvwVUSHpfEqTQ4w/KMlf3HcRdt50E5ODIQJBw1fQ5RL34xabzxtUlzTXVqc4rkZsPbvrXKWnABCD7kWSmocA==",
      "engines": {
        "node": ">= 14"
      }
    },
    "node_modules/zod": {
      "version": "3.22.4",
      "resolved": "https://registry.npmjs.org/zod/-/zod-3.22.4.tgz",
      "integrity": "sha512-iC+8Io04lddc+mVqQ9AZ7OQ2MrUKGN+oIQyq1vemgt46jwCwLfhq7/pwnBnNXXXZb8VTVLKwp9EDkx+ryxIWmg==",
      "funding": {
        "url": "https://github.com/sponsors/colinhacks"
      }
    }
  }
}
